
Microsoft Visual Studio Solution File, Format Version 12.00
# Visual Studio Version 17
VisualStudioVersion = 17.4.33213.308
MinimumVisualStudioVersion = 10.0.40219.1
Project("{FAE04EC0-301F-11D3-BF4B-00C04F79EFBC}") = "CDNClient", "CDNClient.csproj", "{20E217D1-4F3F-4920-A157-B9AE9EC8191E}"
EndProject
Global
	GlobalSection(SolutionConfigurationPlatforms) = preSolution
		Debug|Any CPU = Debug|Any CPU
		Release|Any CPU = Release|Any CPU
	EndGlobalSection
	GlobalSection(ProjectConfigurationPlatforms) = postSolution
		{20E217D1-4F3F-4920-A157-B9AE9EC8191E}.Debug|Any CPU.ActiveCfg = Debug|Any CPU
		{20E217D1-4F3F-4920-A157-B9AE9EC8191E}.Debug|Any CPU.Build.0 = Debug|Any CPU
		{20E217D1-4F3F-4920-A157-B9AE9EC8191E}.Release|Any CPU.ActiveCfg = Release|Any CPU
		{20E217D1-4F3F-4920-A157-B9AE9EC8191E}.Release|Any CPU.Build.0 = Release|Any CPU
	EndGlobalSection
	GlobalSection(SolutionProperties) = preSolution
		HideSolutionNode = FALSE
	EndGlobalSection
	GlobalSection(ExtensibilityGlobals) = postSolution
		SolutionGuid = {3EF02904-94A5-4398-B1D1-4E20CED81F63}
	EndGlobalSection
EndGlobal
